
Microsoft Visual Studio Solution File, Format Version 12.00
# Visual Studio Version 16
VisualStudioVersion = 16.0.30204.135
MinimumVisualStudioVersion = 10.0.40219.1
Project("{FAE04EC0-301F-11D3-BF4B-00C04F79EFBC}") = "Github", "Github\Github.csproj", "{56139A01-464F-41BB-8FAF-30CD438E88EF}"
EndProject
Global
	GlobalSection(SolutionConfigurationPlatforms) = preSolution
		Debug|Any CPU = Debug|Any CPU
		Release|Any CPU = Release|Any CPU
	EndGlobalSection
	GlobalSection(ProjectConfigurationPlatforms) = postSolution
		{56139A01-464F-41BB-8FAF-30CD438E88EF}.Debug|Any CPU.ActiveCfg = Debug|Any CPU
		{56139A01-464F-41BB-8FAF-30CD438E88EF}.Debug|Any CPU.Build.0 = Debug|Any CPU
		{56139A01-464F-41BB-8FAF-30CD438E88EF}.Release|Any CPU.ActiveCfg = Release|Any CPU
		{56139A01-464F-41BB-8FAF-30CD438E88EF}.Release|Any CPU.Build.0 = Release|Any CPU
	EndGlobalSection
	GlobalSection(SolutionProperties) = preSolution
		HideSolutionNode = FALSE
	EndGlobalSection
	GlobalSection(ExtensibilityGlobals) = postSolution
		SolutionGuid = {6ACDAD01-58E7-4EA2-BC56-CC86D3BAB118}
	EndGlobalSection
EndGlobal
